Microsoft Visual Studio Solution File, Format Version 12.00
# Visual Studio Version 16
VisualStudioVersion = 16.0.0.0
MinimumVisualStudioVersion = 16.0.0.0
Project("{9A19103F-16F7-4668-BE54-9A1E7A4F7556}") = "QLN.AIPOV.Frontend.Blazor", "QLN.AIPOV.Frontend.Blazor\QLN.AIPOV.Frontend.Blazor.csproj", "{274ED462-92D8-4FF1-8E26-DE2672AEBB35}"
EndProject
Project("{9A19103F-16F7-4668-BE54-9A1E7A4F7556}") = "QLN.AIPOV.Frontend.Blazor.Client", "QLN.AIPOV.Frontend.Blazor.Client\QLN.AIPOV.Frontend.Blazor.Client.csproj", "{075F3001-2B28-4148-BFBA-38E268E35939}"
EndProject
Global
	GlobalSection(SolutionConfigurationPlatforms) = preSolution
		Debug|Any CPU = Debug|Any CPU
		Debug|x64 = Debug|x64
		Debug|x86 = Debug|x86
		Release|Any CPU = Release|Any CPU
		Release|x64 = Release|x64
		Release|x86 = Release|x86
	EndGlobalSection
	GlobalSection(ProjectConfigurationPlatforms) = postSolution
		{075F3001-2B28-4148-BFBA-38E268E35939}.Debug|Any CPU.ActiveCfg = Debug|Any CPU
		{075F3001-2B28-4148-BFBA-38E268E35939}.Debug|Any CPU.Build.0 = Debug|Any CPU
		{075F3001-2B28-4148-BFBA-38E268E35939}.Debug|x64.ActiveCfg = Debug|Any CPU
		{075F3001-2B28-4148-BFBA-38E268E35939}.Debug|x64.Build.0 = Debug|Any CPU
		{075F3001-2B28-4148-BFBA-38E268E35939}.Debug|x86.ActiveCfg = Debug|Any CPU
		{075F3001-2B28-4148-BFBA-38E268E35939}.Debug|x86.Build.0 = Debug|Any CPU
		{075F3001-2B28-4148-BFBA-38E268E35939}.Release|Any CPU.ActiveCfg = Release|Any CPU
		{075F3001-2B28-4148-BFBA-38E268E35939}.Release|Any CPU.Build.0 = Release|Any CPU
		{075F3001-2B28-4148-BFBA-38E268E35939}.Release|x64.ActiveCfg = Release|Any CPU
		{075F3001-2B28-4148-BFBA-38E268E35939}.Release|x64.Build.0 = Release|Any CPU
		{075F3001-2B28-4148-BFBA-38E268E35939}.Release|x86.ActiveCfg = Release|Any CPU
		{075F3001-2B28-4148-BFBA-38E268E35939}.Release|x86.Build.0 = Release|Any CPU
		{274ED462-92D8-4FF1-8E26-DE2672AEBB35}.Debug|Any CPU.ActiveCfg = Debug|Any CPU
		{274ED462-92D8-4FF1-8E26-DE2672AEBB35}.Debug|Any CPU.Build.0 = Debug|Any CPU
		{274ED462-92D8-4FF1-8E26-DE2672AEBB35}.Debug|x64.ActiveCfg = Debug|Any CPU
		{274ED462-92D8-4FF1-8E26-DE2672AEBB35}.Debug|x64.Build.0 = Debug|Any CPU
		{274ED462-92D8-4FF1-8E26-DE2672AEBB35}.Debug|x86.ActiveCfg = Debug|Any CPU
		{274ED462-92D8-4FF1-8E26-DE2672AEBB35}.Debug|x86.Build.0 = Debug|Any CPU
		{274ED462-92D8-4FF1-8E26-DE2672AEBB35}.Release|Any CPU.ActiveCfg = Release|Any CPU
		{274ED462-92D8-4FF1-8E26-DE2672AEBB35}.Release|Any CPU.Build.0 = Release|Any CPU
		{274ED462-92D8-4FF1-8E26-DE2672AEBB35}.Release|x64.ActiveCfg = Release|Any CPU
		{274ED462-92D8-4FF1-8E26-DE2672AEBB35}.Release|x64.Build.0 = Release|Any CPU
		{274ED462-92D8-4FF1-8E26-DE2672AEBB35}.Release|x86.ActiveCfg = Release|Any CPU
		{274ED462-92D8-4FF1-8E26-DE2672AEBB35}.Release|x86.Build.0 = Release|Any CPU
	EndGlobalSection
	GlobalSection(SolutionProperties) = preSolution
		HideSolutionNode = FALSE
	EndGlobalSection
	GlobalSection(ExtensibilityGlobals) = postSolution
		SolutionGuid = {61ACFF86-8077-43E2-99C1-42B95E8D5058}
	EndGlobalSection
EndGlobal
